
Microsoft Visual Studio Solution File, Format Version 12.00
# Visual Studio 2013
VisualStudioVersion = 12.0.31101.0
MinimumVisualStudioVersion = 10.0.40219.1
Project("{FAE04EC0-301F-11D3-BF4B-00C04F79EFBC}") = "CodeDiffLib", "CodeDiffLib\CodeDiffLib.csproj", "{2D56BDE1-B5B4-486A-AF65-E04252FD7293}"
EndProject
Project("{FAE04EC0-301F-11D3-BF4B-00C04F79EFBC}") = "CodeDiffWinForms", "CodeDiffWinForms\CodeDiffWinForms.csproj", "{C889FF61-6D5E-4985-A604-166309516125}"
EndProject
Project("{FAE04EC0-301F-11D3-BF4B-00C04F79EFBC}") = "CodeDiffTests", "CodeDiffTests\CodeDiffTests.csproj", "{43F0997E-0AB9-4753-9A76-4F28B9087A36}"
EndProject
Global
	GlobalSection(SolutionConfigurationPlatforms) = preSolution
		Debug|Any CPU = Debug|Any CPU
		Release|Any CPU = Release|Any CPU
	EndGlobalSection
	GlobalSection(ProjectConfigurationPlatforms) = postSolution
		{2D56BDE1-B5B4-486A-AF65-E04252FD7293}.Debug|Any CPU.ActiveCfg = Debug|Any CPU
		{2D56BDE1-B5B4-486A-AF65-E04252FD7293}.Debug|Any CPU.Build.0 = Debug|Any CPU
		{2D56BDE1-B5B4-486A-AF65-E04252FD7293}.Release|Any CPU.ActiveCfg = Release|Any CPU
		{2D56BDE1-B5B4-486A-AF65-E04252FD7293}.Release|Any CPU.Build.0 = Release|Any CPU
		{C889FF61-6D5E-4985-A604-166309516125}.Debug|Any CPU.ActiveCfg = Debug|Any CPU
		{C889FF61-6D5E-4985-A604-166309516125}.Debug|Any CPU.Build.0 = Debug|Any CPU
		{C889FF61-6D5E-4985-A604-166309516125}.Release|Any CPU.ActiveCfg = Release|Any CPU
		{C889FF61-6D5E-4985-A604-166309516125}.Release|Any CPU.Build.0 = Release|Any CPU
		{43F0997E-0AB9-4753-9A76-4F28B9087A36}.Debug|Any CPU.ActiveCfg = Debug|Any CPU
		{43F0997E-0AB9-4753-9A76-4F28B9087A36}.Debug|Any CPU.Build.0 = Debug|Any CPU
		{43F0997E-0AB9-4753-9A76-4F28B9087A36}.Release|Any CPU.ActiveCfg = Release|Any CPU
		{43F0997E-0AB9-4753-9A76-4F28B9087A36}.Release|Any CPU.Build.0 = Release|Any CPU
	EndGlobalSection
	GlobalSection(SolutionProperties) = preSolution
		HideSolutionNode = FALSE
	EndGlobalSection
EndGlobal
